// !$*UTF8*$!
{
	archiveVersion = 1;
	classes = {
	};
	objectVersion = 48;
	objects = {

/* Begin PBXBuildFile section */
		17EF179C1F9F65810074C220 /* AppDelegate.swift in Sources */ = {isa = PBXBuildFile; fileRef = 17EF179B1F9F65810074C220 /* AppDelegate.swift */; };
		17EF179E1F9F65810074C220 /* ViewController.swift in Sources */ = {isa = PBXBuildFile; fileRef = 17EF179D1F9F65810074C220 /* ViewController.swift */; };
		17EF17A11F9F65810074C220 /* Main.storyboard in Resources */ = {isa = PBXBuildFile; fileRef = 17EF179F1F9F65810074C220 /* Main.storyboard */; };
		17EF17A31F9F65810074C220 /* Assets.xcassets in Resources */ = {isa = PBXBuildFile; fileRef = 17EF17A21F9F65810074C220 /* Assets.xcassets */; };
		17EF17A61F9F65810074C220 /* LaunchScreen.storyboard in Resources */ = {isa = PBXBuildFile; fileRef = 17EF17A41F9F65810074C220 /* LaunchScreen.storyboard */; };
		17EF17B11F9F65810074C220 /* FYShareViewTests.swift in Sources */ = {isa = PBXBuildFile; fileRef = 17EF17B01F9F65810074C220 /* FYShareViewTests.swift */; };
		17EF17BC1F9F65820074C220 /* FYShareViewUITests.swift in Sources */ = {isa = PBXBuildFile; fileRef = 17EF17BB1F9F65820074C220 /* FYShareViewUITests.swift */; };
		17EF17CA1F9F65AC0074C220 /* FYShareView.swift in Sources */ = {isa = PBXBuildFile; fileRef = 17EF17C91F9F65AC0074C220 /* FYShareView.swift */; };
/* End PBXBuildFile section */

/* Begin PBXContainerItemProxy section */
		17EF17AD1F9F65810074C220 /* PBXContainerItemProxy */ = {
			isa = PBXContainerItemProxy;
			containerPortal = 17EF17901F9F65810074C220 /* Project object */;
			proxyType = 1;
			remoteGlobalIDString = 17EF17971F9F65810074C220;
			remoteInfo = FYShareView;
		};
		17EF17B81F9F65820074C220 /* PBXContainerItemProxy */ = {
			isa = PBXContainerItemProxy;
			containerPortal = 17EF17901F9F65810074C220 /* Project object */;
			proxyType = 1;
			remoteGlobalIDString = 17EF17971F9F65810074C220;
			remoteInfo = FYShareView;
		};
/* End PBXContainerItemProxy section */

/* Begin PBXFileReference section */
		17EF17981F9F65810074C220 /* FYShareView.app */ = {isa = PBXFileReference; explicitFileType = wrapper.application; includeInIndex = 0; path = FYShareView.app; sourceTree = BUILT_PRODUCTS_DIR; };
		17EF179B1F9F65810074C220 /* AppDelegate.swift */ = {isa = PBXFileReference; lastKnownFileType = sourcecode.swift; path = AppDelegate.swift; sourceTree = "<group>"; };
		17EF179D1F9F65810074C220 /* ViewController.swift */ = {isa = PBXFileReference; lastKnownFileType = sourcecode.swift; path = ViewController.swift; sourceTree = "<group>"; };
		17EF17A01F9F65810074C220 /* Base */ = {isa = PBXFileReference; lastKnownFileType = file.storyboard; name = Base; path = Base.lproj/Main.storyboard; sourceTree = "<group>"; };
		17EF17A21F9F65810074C220 /* Assets.xcassets */ = {isa = PBXFileReference; lastKnownFileType = folder.assetcatalog; path = Assets.xcassets; sourceTree = "<group>"; };
		17EF17A51F9F65810074C220 /* Base */ = {isa = PBXFileReference; lastKnownFileType = file.storyboard; name = Base; path = Base.lproj/LaunchScreen.storyboard; sourceTree = "<group>"; };
		17EF17A71F9F65810074C220 /* Info.plist */ = {isa = PBXFileReference; lastKnownFileType = text.plist.xml; path = Info.plist; sourceTree = "<group>"; };
		17EF17AC1F9F65810074C220 /* FYShareViewTests.xctest */ = {isa = PBXFileReference; explicitFileType = wrapper.cfbundle; includeInIndex = 0; path = FYShareViewTests.xctest; sourceTree = BUILT_PRODUCTS_DIR; };
		17EF17B01F9F65810074C220 /* FYShareViewTests.swift */ = {isa = PBXFileReference; lastKnownFileType = sourcecode.swift; path = FYShareViewTests.swift; sourceTree = "<group>"; };
		17EF17B21F9F65810074C220 /* Info.plist */ = {isa = PBXFileReference; lastKnownFileType = text.plist.xml; path = Info.plist; sourceTree = "<group>"; };
		17EF17B71F9F65820074C220 /* FYShareViewUITests.xctest */ = {isa = PBXFileReference; explicitFileType = wrapper.cfbundle; includeInIndex = 0; path = FYShareViewUITests.xctest; sourceTree = BUILT_PRODUCTS_DIR; };
		17EF17BB1F9F65820074C220 /* FYShareViewUITests.swift */ = {isa = PBXFileReference; lastKnownFileType = sourcecode.swift; path = FYShareViewUITests.swift; sourceTree = "<group>"; };
		17EF17BD1F9F65820074C220 /* Info.plist */ = {isa = PBXFileReference; lastKnownFileType = text.plist.xml; path = Info.plist; sourceTree = "<group>"; };
		17EF17C91F9F65AC0074C220 /* FYShareView.swift */ = {isa = PBXFileReference; lastKnownFileType = sourcecode.swift; path = FYShareView.swift; sourceTree = "<group>"; };
/* End PBXFileReference section */

/* Begin PBXFrameworksBuildPhase section */
		17EF17951F9F65810074C220 /* Frameworks */ = {
			isa = PBXFrameworksBuildPhase;
			buildActionMask = 2147483647;
			files = (
			);
			runOnlyForDeploymentPostprocessing = 0;
		};
		17EF17A91F9F65810074C220 /* Frameworks */ = {
			isa = PBXFrameworksBuildPhase;
			buildActionMask = 2147483647;
			files = (
			);
			runOnlyForDeploymentPostprocessing = 0;
		};
		17EF17B41F9F65810074C220 /* Frameworks */ = {
			isa = PBXFrameworksBuildPhase;
			buildActionMask = 2147483647;
			files = (
			);
			runOnlyForDeploymentPostprocessing = 0;
		};
/* End PBXFrameworksBuildPhase section */

/* Begin PBXGroup section */
		17EF178F1F9F65810074C220 = {
			isa = PBXGroup;
			children = (
				17EF179A1F9F65810074C220 /* FYShareView */,
				17EF17AF1F9F65810074C220 /* FYShareViewTests */,
				17EF17BA1F9F65820074C220 /* FYShareViewUITests */,
				17EF17991F9F65810074C220 /* Products */,
			);
			sourceTree = "<group>";
		};
		17EF17991F9F65810074C220 /* Products */ = {
			isa = PBXGroup;
			children = (
				17EF17981F9F65810074C220 /* FYShareView.app */,
				17EF17AC1F9F65810074C220 /* FYShareViewTests.xctest */,
				17EF17B71F9F65820074C220 /* FYShareViewUITests.xctest */,
			);
			name = Products;
			sourceTree = "<group>";
		};
		17EF179A1F9F65810074C220 /* FYShareView */ = {
			isa = PBXGroup;
			children = (
				17EF179B1F9F65810074C220 /* AppDelegate.swift */,
				17EF17C91F9F65AC0074C220 /* FYShareView.swift */,
				17EF179D1F9F65810074C220 /* ViewController.swift */,
				17EF179F1F9F65810074C220 /* Main.storyboard */,
				17EF17A21F9F65810074C220 /* Assets.xcassets */,
				17EF17A41F9F65810074C220 /* LaunchScreen.storyboard */,
				17EF17A71F9F65810074C220 /* Info.plist */,
			);
			path = FYShareView;
			sourceTree = "<group>";
		};
		17EF17AF1F9F65810074C220 /* FYShareViewTests */ = {
			isa = PBXGroup;
			children = (
				17EF17B01F9F65810074C220 /* FYShareViewTests.swift */,
				17EF17B21F9F65810074C220 /* Info.plist */,
			);
			path = FYShareViewTests;
			sourceTree = "<group>";
		};
		17EF17BA1F9F65820074C220 /* FYShareViewUITests */ = {
			isa = PBXGroup;
			children = (
				17EF17BB1F9F65820074C220 /* FYShareViewUITests.swift */,
				17EF17BD1F9F65820074C220 /* Info.plist */,
			);
			path = FYShareViewUITests;
			sourceTree = "<group>";
		};
/* End PBXGroup section */

/* Begin PBXNativeTarget section */
		17EF17971F9F65810074C220 /* FYShareView */ = {
			isa = PBXNativeTarget;
			buildConfigurationList = 17EF17C01F9F65820074C220 /* Build configuration list for PBXNativeTarget "FYShareView" */;
			buildPhases = (
				17EF17941F9F65810074C220 /* Sources */,
				17EF17951F9F65810074C220 /* Frameworks */,
				17EF17961F9F65810074C220 /* Resources */,
			);
			buildRules = (
			);
			dependencies = (
			);
			name = FYShareView;
			productName = FYShareView;
			productReference = 17EF17981F9F65810074C220 /* FYShareView.app */;
			productType = "com.apple.product-type.application";
		};
		17EF17AB1F9F65810074C220 /* FYShareViewTests */ = {
			isa = PBXNativeTarget;
			buildConfigurationList = 17EF17C31F9F65820074C220 /* Build configuration list for PBXNativeTarget "FYShareViewTests" */;
			buildPhases = (
				17EF17A81F9F65810074C220 /* Sources */,
				17EF17A91F9F65810074C220 /* Frameworks */,
				17EF17AA1F9F65810074C220 /* Resources */,
			);
			buildRules = (
			);
			dependencies = (
				17EF17AE1F9F65810074C220 /* PBXTargetDependency */,
			);
			name = FYShareViewTests;
			productName = FYShareViewTests;
			productReference = 17EF17AC1F9F65810074C220 /* FYShareViewTests.xctest */;
			productType = "com.apple.product-type.bundle.unit-test";
		};
		17EF17B61F9F65810074C220 /* FYShareViewUITests */ = {
			isa = PBXNativeTarget;
			buildConfigurationList = 17EF17C61F9F65820074C220 /* Build configuration list for PBXNativeTarget "FYShareViewUITests" */;
			buildPhases = (
				17EF17B31F9F65810074C220 /* Sources */,
				17EF17B41F9F65810074C220 /* Frameworks */,
				17EF17B51F9F65810074C220 /* Resources */,
			);
			buildRules = (
			);
			dependencies = (
				17EF17B91F9F65820074C220 /* PBXTargetDependency */,
			);
			name = FYShareViewUITests;
			productName = FYShareViewUITests;
			productReference = 17EF17B71F9F65820074C220 /* FYShareViewUITests.xctest */;
			productType = "com.apple.product-type.bundle.ui-testing";
		};
/* End PBXNativeTarget section */

/* Begin PBXProject section */
		17EF17901F9F65810074C220 /* Project object */ = {
			isa = PBXProject;
			attributes = {
				LastSwiftUpdateCheck = 0900;
				LastUpgradeCheck = 0900;
				ORGANIZATIONNAME = "武飞跃";
				TargetAttributes = {
					17EF17971F9F65810074C220 = {
						CreatedOnToolsVersion = 9.0;
						ProvisioningStyle = Automatic;
					};
					17EF17AB1F9F65810074C220 = {
						CreatedOnToolsVersion = 9.0;
						ProvisioningStyle = Automatic;
						TestTargetID = 17EF17971F9F65810074C220;
					};
					17EF17B61F9F65810074C220 = {
						CreatedOnToolsVersion = 9.0;
						ProvisioningStyle = Automatic;
						TestTargetID = 17EF17971F9F65810074C220;
					};
				};
			};
			buildConfigurationList = 17EF17931F9F65810074C220 /* Build configuration list for PBXProject "FYShareView" */;
			compatibilityVersion = "Xcode 8.0";
			developmentRegion = en;
			hasScannedForEncodings = 0;
			knownRegions = (
				en,
				Base,
			);
			mainGroup = 17EF178F1F9F65810074C220;
			productRefGroup = 17EF17991F9F65810074C220 /* Products */;
			projectDirPath = "";
			projectRoot = "";
			targets = (
				17EF17971F9F65810074C220 /* FYShareView */,
				17EF17AB1F9F65810074C220 /* FYShareViewTests */,
				17EF17B61F9F65810074C220 /* FYShareViewUITests */,
			);
		};
/* End PBXProject section */

/* Begin PBXResourcesBuildPhase section */
		17EF17961F9F65810074C220 /* Resources */ = {
			isa = PBXResourcesBuildPhase;
			buildActionMask = 2147483647;
			files = (
				17EF17A61F9F65810074C220 /* LaunchScreen.storyboard in Resources */,
				17EF17A31F9F65810074C220 /* Assets.xcassets in Resources */,
				17EF17A11F9F65810074C220 /* Main.storyboard in Resources */,
			);
			runOnlyForDeploymentPostprocessing = 0;
		};
		17EF17AA1F9F65810074C220 /* Resources */ = {
			isa = PBXResourcesBuildPhase;
			buildActionMask = 2147483647;
			files = (
			);
			runOnlyForDeploymentPostprocessing = 0;
		};
		17EF17B51F9F65810074C220 /* Resources */ = {
			isa = PBXResourcesBuildPhase;
			buildActionMask = 2147483647;
			files = (
			);
			runOnlyForDeploymentPostprocessing = 0;
		};
/* End PBXResourcesBuildPhase section */

/* Begin PBXSourcesBuildPhase section */
		17EF17941F9F65810074C220 /* Sources */ = {
			isa = PBXSourcesBuildPhase;
			buildActionMask = 2147483647;
			files = (
				17EF179E1F9F65810074C220 /* ViewController.swift in Sources */,
				17EF17CA1F9F65AC0074C220 /* FYShareView.swift in Sources */,
				17EF179C1F9F65810074C220 /* AppDelegate.swift in Sources */,
			);
			runOnlyForDeploymentPostprocessing = 0;
		};
		17EF17A81F9F65810074C220 /* Sources */ = {
			isa = PBXSourcesBuildPhase;
			buildActionMask = 2147483647;
			files = (
				17EF17B11F9F65810074C220 /* FYShareViewTests.swift in Sources */,
			);
			runOnlyForDeploymentPostprocessing = 0;
		};
		17EF17B31F9F65810074C220 /* Sources */ = {
			isa = PBXSourcesBuildPhase;
			buildActionMask = 2147483647;
			files = (
				17EF17BC1F9F65820074C220 /* FYShareViewUITests.swift in Sources */,
			);
			runOnlyForDeploymentPostprocessing = 0;
		};
/* End PBXSourcesBuildPhase section */

/* Begin PBXTargetDependency section */
		17EF17AE1F9F65810074C220 /* PBXTargetDependency */ = {
			isa = PBXTargetDependency;
			target = 17EF17971F9F65810074C220 /* FYShareView */;
			targetProxy = 17EF17AD1F9F65810074C220 /* PBXContainerItemProxy */;
		};
		17EF17B91F9F65820074C220 /* PBXTargetDependency */ = {
			isa = PBXTargetDependency;
			target = 17EF17971F9F65810074C220 /* FYShareView */;
			targetProxy = 17EF17B81F9F65820074C220 /* PBXContainerItemProxy */;
		};
/* End PBXTargetDependency section */

/* Begin PBXVariantGroup section */
		17EF179F1F9F65810074C220 /* Main.storyboard */ = {
			isa = PBXVariantGroup;
			children = (
				17EF17A01F9F65810074C220 /* Base */,
			);
			name = Main.storyboard;
			sourceTree = "<group>";
		};
		17EF17A41F9F65810074C220 /* LaunchScreen.storyboard */ = {
			isa = PBXVariantGroup;
			children = (
				17EF17A51F9F65810074C220 /* Base */,
			);
			name = LaunchScreen.storyboard;
			sourceTree = "<group>";
		};
/* End PBXVariantGroup section */

/* Begin XCBuildConfiguration section */
		17EF17BE1F9F65820074C220 /* Debug */ = {
			isa = XCBuildConfiguration;
			buildSettings = {
				ALWAYS_SEARCH_USER_PATHS = NO;
				CLANG_ANALYZER_NONNULL = YES;
				CLANG_ANALYZER_NUMBER_OBJECT_CONVERSION = YES_AGGRESSIVE;
				CLANG_CXX_LANGUAGE_STANDARD = "gnu++14";
				CLANG_CXX_LIBRARY = "libc++";
				CLANG_ENABLE_MODULES = YES;
				CLANG_ENABLE_OBJC_ARC = YES;
				CLANG_WARN_BLOCK_CAPTURE_AUTORELEASING = YES;
				CLANG_WARN_BOOL_CONVERSION = YES;
				CLANG_WARN_COMMA = YES;
				CLANG_WARN_CONSTANT_CONVERSION = YES;
				CLANG_WARN_DIRECT_OBJC_ISA_USAGE = YES_ERROR;
				CLANG_WARN_DOCUMENTATION_COMMENTS = YES;
				CLANG_WARN_EMPTY_BODY = YES;
				CLANG_WARN_ENUM_CONVERSION = YES;
				CLANG_WARN_INFINITE_RECURSION = YES;
				CLANG_WARN_INT_CONVERSION = YES;
				CLANG_WARN_NON_LITERAL_NULL_CONVERSION = YES;
				CLANG_WARN_OBJC_LITERAL_CONVERSION = YES;
				CLANG_WARN_OBJC_ROOT_CLASS = YES_ERROR;
				CLANG_WARN_RANGE_LOOP_ANALYSIS = YES;
				CLANG_WARN_STRICT_PROTOTYPES = YES;
				CLANG_WARN_SUSPICIOUS_MOVE = YES;
				CLANG_WARN_UNGUARDED_AVAILABILITY = YES_AGGRESSIVE;
				CLANG_WARN_UNREACHABLE_CODE = YES;
				CLANG_WARN__DUPLICATE_METHOD_MATCH = YES;
				CODE_SIGN_IDENTITY = "iPhone Developer";
				COPY_PHASE_STRIP = NO;
				DEBUG_INFORMATION_FORMAT = dwarf;
				ENABLE_STRICT_OBJC_MSGSEND = YES;
				ENABLE_TESTABILITY = YES;
				GCC_C_LANGUAGE_STANDARD = gnu11;
				GCC_DYNAMIC_NO_PIC = NO;
				GCC_NO_COMMON_BLOCKS = YES;
				GCC_OPTIMIZATION_LEVEL = 0;
				GCC_PREPROCESSOR_DEFINITIONS = (
					"DEBUG=1",
					"$(inherited)",
				);
				GCC_WARN_64_TO_32_BIT_CONVERSION = YES;
				GCC_WARN_ABOUT_RETURN_TYPE = YES_ERROR;
				GCC_WARN_UNDECLARED_SELECTOR = YES;
				GCC_WARN_UNINITIALIZED_AUTOS = YES_AGGRESSIVE;
				GCC_WARN_UNUSED_FUNCTION = YES;
				GCC_WARN_UNUSED_VARIABLE = YES;
				IPHONEOS_DEPLOYMENT_TARGET = 11.0;
				MTL_ENABLE_DEBUG_INFO = YES;
				ONLY_ACTIVE_ARCH = YES;
				SDKROOT = iphoneos;
				SWIFT_ACTIVE_COMPILATION_CONDITIONS = DEBUG;
				SWIFT_OPTIMIZATION_LEVEL = "-Onone";
			};
			name = Debug;
		};
		17EF17BF1F9F65820074C220 /* Release */ = {
			isa = XCBuildConfiguration;
			buildSettings = {
				ALWAYS_SEARCH_USER_PATHS = NO;
				CLANG_ANALYZER_NONNULL = YES;
				CLANG_ANALYZER_NUMBER_OBJECT_CONVERSION = YES_AGGRESSIVE;
				CLANG_CXX_LANGUAGE_STANDARD = "gnu++14";
				CLANG_CXX_LIBRARY = "libc++";
				CLANG_ENABLE_MODULES = YES;
				CLANG_ENABLE_OBJC_ARC = YES;
				CLANG_WARN_BLOCK_CAPTURE_AUTORELEASING = YES;
				CLANG_WARN_BOOL_CONVERSION = YES;
				CLANG_WARN_COMMA = YES;
				CLANG_WARN_CONSTANT_CONVERSION = YES;
				CLANG_WARN_DIRECT_OBJC_ISA_USAGE = YES_ERROR;
				CLANG_WARN_DOCUMENTATION_COMMENTS = YES;
				CLANG_WARN_EMPTY_BODY = YES;
				CLANG_WARN_ENUM_CONVERSION = YES;
				CLANG_WARN_INFINITE_RECURSION = YES;
				CLANG_WARN_INT_CONVERSION = YES;
				CLANG_WARN_NON_LITERAL_NULL_CONVERSION = YES;
				CLANG_WARN_OBJC_LITERAL_CONVERSION = YES;
				CLANG_WARN_OBJC_ROOT_CLASS = YES_ERROR;
				CLANG_WARN_RANGE_LOOP_ANALYSIS = YES;
				CLANG_WARN_STRICT_PROTOTYPES = YES;
				CLANG_WARN_SUSPICIOUS_MOVE = YES;
				CLANG_WARN_UNGUARDED_AVAILABILITY = YES_AGGRESSIVE;
				CLANG_WARN_UNREACHABLE_CODE = YES;
				CLANG_WARN__DUPLICATE_METHOD_MATCH = YES;
				CODE_SIGN_IDENTITY = "iPhone Developer";
				COPY_PHASE_STRIP = NO;
				DEBUG_INFORMATION_FORMAT = "dwarf-with-dsym";
				ENABLE_NS_ASSERTIONS = NO;
				ENABLE_STRICT_OBJC_MSGSEND = YES;
				GCC_C_LANGUAGE_STANDARD = gnu11;
				GCC_NO_COMMON_BLOCKS = YES;
				GCC_WARN_64_TO_32_BIT_CONVERSION = YES;
				GCC_WARN_ABOUT_RETURN_TYPE = YES_ERROR;
				GCC_WARN_UNDECLARED_SELECTOR = YES;
				GCC_WARN_UNINITIALIZED_AUTOS = YES_AGGRESSIVE;
				GCC_WARN_UNUSED_FUNCTION = YES;
				GCC_WARN_UNUSED_VARIABLE = YES;
				IPHONEOS_DEPLOYMENT_TARGET = 11.0;
				MTL_ENABLE_DEBUG_INFO = NO;
				SDKROOT = iphoneos;
				SWIFT_OPTIMIZATION_LEVEL = "-Owholemodule";
				VALIDATE_PRODUCT = YES;
			};
			name = Release;
		};
		17EF17C11F9F65820074C220 /* Debug */ = {
			isa = XCBuildConfiguration;
			buildSettings = {
				ASSETCATALOG_COMPILER_APPICON_NAME = AppIcon;
				CODE_SIGN_STYLE = Automatic;
				INFOPLIST_FILE = FYShareView/Info.plist;
				LD_RUNPATH_SEARCH_PATHS = "$(inherited) @executable_path/Frameworks";
				PRODUCT_BUNDLE_IDENTIFIER = com.wufeiyue.FYShareView;
				PRODUCT_NAME = "$(TARGET_NAME)";
				SWIFT_VERSION = 4.0;
				TARGETED_DEVICE_FAMILY = "1,2";
			};
			name = Debug;
		};
		17EF17C21F9F65820074C220 /* Release */ = {
			isa = XCBuildConfiguration;
			buildSettings = {
				ASSETCATALOG_COMPILER_APPICON_NAME = AppIcon;
				CODE_SIGN_STYLE = Automatic;
				INFOPLIST_FILE = FYShareView/Info.plist;
				LD_RUNPATH_SEARCH_PATHS = "$(inherited) @executable_path/Frameworks";
				PRODUCT_BUNDLE_IDENTIFIER = com.wufeiyue.FYShareView;
				PRODUCT_NAME = "$(TARGET_NAME)";
				SWIFT_VERSION = 4.0;
				TARGETED_DEVICE_FAMILY = "1,2";
			};
			name = Release;
		};
		17EF17C41F9F65820074C220 /* Debug */ = {
			isa = XCBuildConfiguration;
			buildSettings = {
				ALWAYS_EMBED_SWIFT_STANDARD_LIBRARIES = YES;
				BUNDLE_LOADER = "$(TEST_HOST)";
				CODE_SIGN_STYLE = Automatic;
				INFOPLIST_FILE = FYShareViewTests/Info.plist;
				LD_RUNPATH_SEARCH_PATHS = "$(inherited) @executable_path/Frameworks @loader_path/Frameworks";
				PRODUCT_BUNDLE_IDENTIFIER = com.wufeiyue.FYShareViewTests;
				PRODUCT_NAME = "$(TARGET_NAME)";
				SWIFT_VERSION = 4.0;
				TARGETED_DEVICE_FAMILY = "1,2";
				TEST_HOST = "$(BUILT_PRODUCTS_DIR)/FYShareView.app/FYShareView";
			};
			name = Debug;
		};
		17EF17C51F9F65820074C220 /* Release */ = {
			isa = XCBuildConfiguration;
			buildSettings = {
				ALWAYS_EMBED_SWIFT_STANDARD_LIBRARIES = YES;
				BUNDLE_LOADER = "$(TEST_HOST)";
				CODE_SIGN_STYLE = Automatic;
				INFOPLIST_FILE = FYShareViewTests/Info.plist;
				LD_RUNPATH_SEARCH_PATHS = "$(inherited) @executable_path/Frameworks @loader_path/Frameworks";
				PRODUCT_BUNDLE_IDENTIFIER = com.wufeiyue.FYShareViewTests;
				PRODUCT_NAME = "$(TARGET_NAME)";
				SWIFT_VERSION = 4.0;
				TARGETED_DEVICE_FAMILY = "1,2";
				TEST_HOST = "$(BUILT_PRODUCTS_DIR)/FYShareView.app/FYShareView";
			};
			name = Release;
		};
		17EF17C71F9F65820074C220 /* Debug */ = {
			isa = XCBuildConfiguration;
			buildSettings = {
				ALWAYS_EMBED_SWIFT_STANDARD_LIBRARIES = YES;
				CODE_SIGN_STYLE = Automatic;
				INFOPLIST_FILE = FYShareViewUITests/Info.plist;
				LD_RUNPATH_SEARCH_PATHS = "$(inherited) @executable_path/Frameworks @loader_path/Frameworks";
				PRODUCT_BUNDLE_IDENTIFIER = com.wufeiyue.FYShareViewUITests;
				PRODUCT_NAME = "$(TARGET_NAME)";
				SWIFT_VERSION = 4.0;
				TARGETED_DEVICE_FAMILY = "1,2";
				TEST_TARGET_NAME = FYShareView;
			};
			name = Debug;
		};
		17EF17C81F9F65820074C220 /* Release */ = {
			isa = XCBuildConfiguration;
			buildSettings = {
				ALWAYS_EMBED_SWIFT_STANDARD_LIBRARIES = YES;
				CODE_SIGN_STYLE = Automatic;
				INFOPLIST_FILE = FYShareViewUITests/Info.plist;
				LD_RUNPATH_SEARCH_PATHS = "$(inherited) @executable_path/Frameworks @loader_path/Frameworks";
				PRODUCT_BUNDLE_IDENTIFIER = com.wufeiyue.FYShareViewUITests;
				PRODUCT_NAME = "$(TARGET_NAME)";
				SWIFT_VERSION = 4.0;
				TARGETED_DEVICE_FAMILY = "1,2";
				TEST_TARGET_NAME = FYShareView;
			};
			name = Release;
		};
/* End XCBuildConfiguration section */

/* Begin XCConfigurationList section */
		17EF17931F9F65810074C220 /* Build configuration list for PBXProject "FYShareView" */ = {
			isa = XCConfigurationList;
			buildConfigurations = (
				17EF17BE1F9F65820074C220 /* Debug */,
				17EF17BF1F9F65820074C220 /* Release */,
			);
			defaultConfigurationIsVisible = 0;
			defaultConfigurationName = Release;
		};
		17EF17C01F9F65820074C220 /* Build configuration list for PBXNativeTarget "FYShareView" */ = {
			isa = XCConfigurationList;
			buildConfigurations = (
				17EF17C11F9F65820074C220 /* Debug */,
				17EF17C21F9F65820074C220 /* Release */,
			);
			defaultConfigurationIsVisible = 0;
			defaultConfigurationName = Release;
		};
		17EF17C31F9F65820074C220 /* Build configuration list for PBXNativeTarget "FYShareViewTests" */ = {
			isa = XCConfigurationList;
			buildConfigurations = (
				17EF17C41F9F65820074C220 /* Debug */,
				17EF17C51F9F65820074C220 /* Release */,
			);
			defaultConfigurationIsVisible = 0;
			defaultConfigurationName = Release;
		};
		17EF17C61F9F65820074C220 /* Build configuration list for PBXNativeTarget "FYShareViewUITests" */ = {
			isa = XCConfigurationList;
			buildConfigurations = (
				17EF17C71F9F65820074C220 /* Debug */,
				17EF17C81F9F65820074C220 /* Release */,
			);
			defaultConfigurationIsVisible = 0;
			defaultConfigurationName = Release;
		};
/* End XCConfigurationList section */
	};
	rootObject = 17EF17901F9F65810074C220 /* Project object */;
}
